
Microsoft Visual Studio Solution File, Format Version 12.00
# Visual Studio Version 16
VisualStudioVersion = 16.0.29409.12
MinimumVisualStudioVersion = 10.0.40219.1
Project("{FAE04EC0-301F-11D3-BF4B-00C04F79EFBC}") = "KitTestConsoleApp1", "KitTestConsoleApp1.csproj", "{E2D61852-CDC7-48DC-8FFE-4C98BB9CE0E0}"
EndProject
Project("{FAE04EC0-301F-11D3-BF4B-00C04F79EFBC}") = "KitTestConsoleApp1.UnitTest", "..\KitTestConsoleApp1.UnitTest\KitTestConsoleApp1.UnitTest.csproj", "{AC8C2C9E-994C-471C-A1BB-8F0D793DE99C}"
EndProject
Global
	GlobalSection(SolutionConfigurationPlatforms) = preSolution
		Debug|Any CPU = Debug|Any CPU
		Release|Any CPU = Release|Any CPU
	EndGlobalSection
	GlobalSection(ProjectConfigurationPlatforms) = postSolution
		{E2D61852-CDC7-48DC-8FFE-4C98BB9CE0E0}.Debug|Any CPU.ActiveCfg = Debug|Any CPU
		{E2D61852-CDC7-48DC-8FFE-4C98BB9CE0E0}.Debug|Any CPU.Build.0 = Debug|Any CPU
		{E2D61852-CDC7-48DC-8FFE-4C98BB9CE0E0}.Release|Any CPU.ActiveCfg = Release|Any CPU
		{E2D61852-CDC7-48DC-8FFE-4C98BB9CE0E0}.Release|Any CPU.Build.0 = Release|Any CPU
		{AC8C2C9E-994C-471C-A1BB-8F0D793DE99C}.Debug|Any CPU.ActiveCfg = Debug|Any CPU
		{AC8C2C9E-994C-471C-A1BB-8F0D793DE99C}.Debug|Any CPU.Build.0 = Debug|Any CPU
		{AC8C2C9E-994C-471C-A1BB-8F0D793DE99C}.Release|Any CPU.ActiveCfg = Release|Any CPU
		{AC8C2C9E-994C-471C-A1BB-8F0D793DE99C}.Release|Any CPU.Build.0 = Release|Any CPU
	EndGlobalSection
	GlobalSection(SolutionProperties) = preSolution
		HideSolutionNode = FALSE
	EndGlobalSection
	GlobalSection(ExtensibilityGlobals) = postSolution
		SolutionGuid = {6BA1A450-1B65-4672-B86F-129BB80EEFCC}
	EndGlobalSection
EndGlobal
